
Microsoft Visual Studio Solution File, Format Version 12.00
# Visual Studio Version 17
VisualStudioVersion = 17.3.32922.545
MinimumVisualStudioVersion = 10.0.40219.1
Project("{FAE04EC0-301F-11D3-BF4B-00C04F79EFBC}") = "TemplateMethod", "TemplateMethod\TemplateMethod.csproj", "{B7315FF7-A9CA-4C17-AF28-71DDB3AEC997}"
EndProject
Global
	GlobalSection(SolutionConfigurationPlatforms) = preSolution
		Debug|Any CPU = Debug|Any CPU
		Release|Any CPU = Release|Any CPU
	EndGlobalSection
	GlobalSection(ProjectConfigurationPlatforms) = postSolution
		{B7315FF7-A9CA-4C17-AF28-71DDB3AEC997}.Debug|Any CPU.ActiveCfg = Debug|Any CPU
		{B7315FF7-A9CA-4C17-AF28-71DDB3AEC997}.Debug|Any CPU.Build.0 = Debug|Any CPU
		{B7315FF7-A9CA-4C17-AF28-71DDB3AEC997}.Release|Any CPU.ActiveCfg = Release|Any CPU
		{B7315FF7-A9CA-4C17-AF28-71DDB3AEC997}.Release|Any CPU.Build.0 = Release|Any CPU
	EndGlobalSection
	GlobalSection(SolutionProperties) = preSolution
		HideSolutionNode = FALSE
	EndGlobalSection
	GlobalSection(ExtensibilityGlobals) = postSolution
		SolutionGuid = {A3A09A0F-C202-40C6-BDA4-442ACD40E266}
	EndGlobalSection
EndGlobal
